
Microsoft Visual Studio Solution File, Format Version 12.00
# Visual Studio Version 16
VisualStudioVersion = 16.0.29123.88
MinimumVisualStudioVersion = 10.0.40219.1
Project("{9A19103F-16F7-4668-BE54-9A1E7A4F7556}") = "DomainModel", "DomainModel\DomainModel.csproj", "{0E7542D5-4A7F-4F04-B2E5-2A69DE4B3EFC}"
EndProject
Project("{9A19103F-16F7-4668-BE54-9A1E7A4F7556}") = "CompositionRoot", "CompositionRoot\CompositionRoot.csproj", "{55AC25DE-07BD-4F7E-BF0D-0796ADBB847F}"
	ProjectSection(ProjectDependencies) = postProject
		{C77EE517-CF7C-4710-9015-10B4A42B27D4} = {C77EE517-CF7C-4710-9015-10B4A42B27D4}
	EndProjectSection
EndProject
Project("{9A19103F-16F7-4668-BE54-9A1E7A4F7556}") = "CQRS", "CQRS\CQRS.csproj", "{7CF813D7-D650-4717-B9D1-93FAD795A84D}"
EndProject
Project("{9A19103F-16F7-4668-BE54-9A1E7A4F7556}") = "Logging", "Logging\Logging.csproj", "{04BCF465-4B53-4C1E-8AE9-187103CBAD4E}"
EndProject
Project("{9A19103F-16F7-4668-BE54-9A1E7A4F7556}") = "Persistence.MongoDB", "Persistence.MongoDB\Persistence.MongoDB.csproj", "{C77EE517-CF7C-4710-9015-10B4A42B27D4}"
	ProjectSection(ProjectDependencies) = postProject
		{0E7542D5-4A7F-4F04-B2E5-2A69DE4B3EFC} = {0E7542D5-4A7F-4F04-B2E5-2A69DE4B3EFC}
	EndProjectSection
EndProject
Project("{9A19103F-16F7-4668-BE54-9A1E7A4F7556}") = "Proximity", "Proximity\Proximity.csproj", "{C3C664DD-656C-4F67-BB74-9B170D6A840C}"
EndProject
Global
	GlobalSection(SolutionConfigurationPlatforms) = preSolution
		Debug|Any CPU = Debug|Any CPU
		Release|Any CPU = Release|Any CPU
	EndGlobalSection
	GlobalSection(ProjectConfigurationPlatforms) = postSolution
		{0E7542D5-4A7F-4F04-B2E5-2A69DE4B3EFC}.Debug|Any CPU.ActiveCfg = Debug|Any CPU
		{0E7542D5-4A7F-4F04-B2E5-2A69DE4B3EFC}.Debug|Any CPU.Build.0 = Debug|Any CPU
		{0E7542D5-4A7F-4F04-B2E5-2A69DE4B3EFC}.Release|Any CPU.ActiveCfg = Release|Any CPU
		{0E7542D5-4A7F-4F04-B2E5-2A69DE4B3EFC}.Release|Any CPU.Build.0 = Release|Any CPU
		{55AC25DE-07BD-4F7E-BF0D-0796ADBB847F}.Debug|Any CPU.ActiveCfg = Debug|Any CPU
		{55AC25DE-07BD-4F7E-BF0D-0796ADBB847F}.Debug|Any CPU.Build.0 = Debug|Any CPU
		{55AC25DE-07BD-4F7E-BF0D-0796ADBB847F}.Release|Any CPU.ActiveCfg = Release|Any CPU
		{55AC25DE-07BD-4F7E-BF0D-0796ADBB847F}.Release|Any CPU.Build.0 = Release|Any CPU
		{7CF813D7-D650-4717-B9D1-93FAD795A84D}.Debug|Any CPU.ActiveCfg = Debug|Any CPU
		{7CF813D7-D650-4717-B9D1-93FAD795A84D}.Debug|Any CPU.Build.0 = Debug|Any CPU
		{7CF813D7-D650-4717-B9D1-93FAD795A84D}.Release|Any CPU.ActiveCfg = Release|Any CPU
		{7CF813D7-D650-4717-B9D1-93FAD795A84D}.Release|Any CPU.Build.0 = Release|Any CPU
		{04BCF465-4B53-4C1E-8AE9-187103CBAD4E}.Debug|Any CPU.ActiveCfg = Debug|Any CPU
		{04BCF465-4B53-4C1E-8AE9-187103CBAD4E}.Debug|Any CPU.Build.0 = Debug|Any CPU
		{04BCF465-4B53-4C1E-8AE9-187103CBAD4E}.Release|Any CPU.ActiveCfg = Release|Any CPU
		{04BCF465-4B53-4C1E-8AE9-187103CBAD4E}.Release|Any CPU.Build.0 = Release|Any CPU
		{C77EE517-CF7C-4710-9015-10B4A42B27D4}.Debug|Any CPU.ActiveCfg = Debug|Any CPU
		{C77EE517-CF7C-4710-9015-10B4A42B27D4}.Debug|Any CPU.Build.0 = Debug|Any CPU
		{C77EE517-CF7C-4710-9015-10B4A42B27D4}.Release|Any CPU.ActiveCfg = Release|Any CPU
		{C77EE517-CF7C-4710-9015-10B4A42B27D4}.Release|Any CPU.Build.0 = Release|Any CPU
		{C3C664DD-656C-4F67-BB74-9B170D6A840C}.Debug|Any CPU.ActiveCfg = Debug|Any CPU
		{C3C664DD-656C-4F67-BB74-9B170D6A840C}.Debug|Any CPU.Build.0 = Debug|Any CPU
		{C3C664DD-656C-4F67-BB74-9B170D6A840C}.Release|Any CPU.ActiveCfg = Release|Any CPU
		{C3C664DD-656C-4F67-BB74-9B170D6A840C}.Release|Any CPU.Build.0 = Release|Any CPU
	EndGlobalSection
	GlobalSection(SolutionProperties) = preSolution
		HideSolutionNode = FALSE
	EndGlobalSection
	GlobalSection(ExtensibilityGlobals) = postSolution
		SolutionGuid = {99E9866A-4CA2-4DD5-BCBA-BE3B46E9C290}
	EndGlobalSection
EndGlobal
